
Microsoft Visual Studio Solution File, Format Version 12.00
# Visual Studio 14
VisualStudioVersion = 14.0.25420.1
MinimumVisualStudioVersion = 10.0.40219.1
Project("{8BC9CEB8-8B4A-11D0-8D11-00A0C91BC942}") = "分文件", "分文件\分文件.vcxproj", "{3DC2EF95-57DB-462A-A532-C378FFD312DD}"
EndProject
Project("{8BC9CEB8-8B4A-11D0-8D11-00A0C91BC942}") = "指针", "指针\指针.vcxproj", "{8341BA9B-F529-43E1-BC6A-FAD4AC6D6EF5}"
EndProject
Global
	GlobalSection(SolutionConfigurationPlatforms) = preSolution
		Debug|x64 = Debug|x64
		Debug|x86 = Debug|x86
		Release|x64 = Release|x64
		Release|x86 = Release|x86
	EndGlobalSection
	GlobalSection(ProjectConfigurationPlatforms) = postSolution
		{3DC2EF95-57DB-462A-A532-C378FFD312DD}.Debug|x64.ActiveCfg = Debug|x64
		{3DC2EF95-57DB-462A-A532-C378FFD312DD}.Debug|x64.Build.0 = Debug|x64
		{3DC2EF95-57DB-462A-A532-C378FFD312DD}.Debug|x86.ActiveCfg = Debug|Win32
		{3DC2EF95-57DB-462A-A532-C378FFD312DD}.Debug|x86.Build.0 = Debug|Win32
		{3DC2EF95-57DB-462A-A532-C378FFD312DD}.Release|x64.ActiveCfg = Release|x64
		{3DC2EF95-57DB-462A-A532-C378FFD312DD}.Release|x64.Build.0 = Release|x64
		{3DC2EF95-57DB-462A-A532-C378FFD312DD}.Release|x86.ActiveCfg = Release|Win32
		{3DC2EF95-57DB-462A-A532-C378FFD312DD}.Release|x86.Build.0 = Release|Win32
		{8341BA9B-F529-43E1-BC6A-FAD4AC6D6EF5}.Debug|x64.ActiveCfg = Debug|x64
		{8341BA9B-F529-43E1-BC6A-FAD4AC6D6EF5}.Debug|x64.Build.0 = Debug|x64
		{8341BA9B-F529-43E1-BC6A-FAD4AC6D6EF5}.Debug|x86.ActiveCfg = Debug|Win32
		{8341BA9B-F529-43E1-BC6A-FAD4AC6D6EF5}.Debug|x86.Build.0 = Debug|Win32
		{8341BA9B-F529-43E1-BC6A-FAD4AC6D6EF5}.Release|x64.ActiveCfg = Release|x64
		{8341BA9B-F529-43E1-BC6A-FAD4AC6D6EF5}.Release|x64.Build.0 = Release|x64
		{8341BA9B-F529-43E1-BC6A-FAD4AC6D6EF5}.Release|x86.ActiveCfg = Release|Win32
		{8341BA9B-F529-43E1-BC6A-FAD4AC6D6EF5}.Release|x86.Build.0 = Release|Win32
	EndGlobalSection
	GlobalSection(SolutionProperties) = preSolution
		HideSolutionNode = FALSE
	EndGlobalSection
EndGlobal
